
Microsoft Visual Studio Solution File, Format Version 12.00
# Visual Studio 15
VisualStudioVersion = 15.0.27130.2027
MinimumVisualStudioVersion = 10.0.40219.1
Project("{FAE04EC0-301F-11D3-BF4B-00C04F79EFBC}") = "jingtum-lib", "jingtum-lib\jingtum-lib.csproj", "{C4F32617-08FD-4736-8B51-4BC45C88B227}"
EndProject
Project("{FAE04EC0-301F-11D3-BF4B-00C04F79EFBC}") = "TestApp", "TestApp\TestApp.csproj", "{4BD34302-4FE4-44AD-B2B7-77A8736F1AF9}"
EndProject
Project("{FAE04EC0-301F-11D3-BF4B-00C04F79EFBC}") = "UnitTests", "UnitTests\UnitTests.csproj", "{C9845E4C-7D19-491A-8A80-F80CE9F30749}"
EndProject
Global
	GlobalSection(SolutionConfigurationPlatforms) = preSolution
		Debug|Any CPU = Debug|Any CPU
		Release|Any CPU = Release|Any CPU
	EndGlobalSection
	GlobalSection(ProjectConfigurationPlatforms) = postSolution
		{C4F32617-08FD-4736-8B51-4BC45C88B227}.Debug|Any CPU.ActiveCfg = Debug|Any CPU
		{C4F32617-08FD-4736-8B51-4BC45C88B227}.Debug|Any CPU.Build.0 = Debug|Any CPU
		{C4F32617-08FD-4736-8B51-4BC45C88B227}.Release|Any CPU.ActiveCfg = Release|Any CPU
		{C4F32617-08FD-4736-8B51-4BC45C88B227}.Release|Any CPU.Build.0 = Release|Any CPU
		{4BD34302-4FE4-44AD-B2B7-77A8736F1AF9}.Debug|Any CPU.ActiveCfg = Debug|Any CPU
		{4BD34302-4FE4-44AD-B2B7-77A8736F1AF9}.Debug|Any CPU.Build.0 = Debug|Any CPU
		{4BD34302-4FE4-44AD-B2B7-77A8736F1AF9}.Release|Any CPU.ActiveCfg = Release|Any CPU
		{4BD34302-4FE4-44AD-B2B7-77A8736F1AF9}.Release|Any CPU.Build.0 = Release|Any CPU
		{C9845E4C-7D19-491A-8A80-F80CE9F30749}.Debug|Any CPU.ActiveCfg = Debug|Any CPU
		{C9845E4C-7D19-491A-8A80-F80CE9F30749}.Debug|Any CPU.Build.0 = Debug|Any CPU
		{C9845E4C-7D19-491A-8A80-F80CE9F30749}.Release|Any CPU.ActiveCfg = Release|Any CPU
		{C9845E4C-7D19-491A-8A80-F80CE9F30749}.Release|Any CPU.Build.0 = Release|Any CPU
	EndGlobalSection
	GlobalSection(SolutionProperties) = preSolution
		HideSolutionNode = FALSE
	EndGlobalSection
	GlobalSection(ExtensibilityGlobals) = postSolution
		SolutionGuid = {D5B84B0D-A04E-4196-A2BF-60286D86A2B9}
	EndGlobalSection
EndGlobal
